
Microsoft Visual Studio Solution File, Format Version 12.00
# Visual Studio Version 17
VisualStudioVersion = 17.14.36127.28 d17.14
MinimumVisualStudioVersion = 10.0.40219.1
Project("{8BC9CEB8-8B4A-11D0-8D11-00A0C91BC942}") = "nazarioCPP16", "nazarioCPP16\nazarioCPP16.vcxproj", "{E4A65CF7-7731-4F66-886B-FD105839FF5A}"
EndProject
Global
	GlobalSection(SolutionConfigurationPlatforms) = preSolution
		Debug|x64 = Debug|x64
		Debug|x86 = Debug|x86
		Release|x64 = Release|x64
		Release|x86 = Release|x86
	EndGlobalSection
	GlobalSection(ProjectConfigurationPlatforms) = postSolution
		{E4A65CF7-7731-4F66-886B-FD105839FF5A}.Debug|x64.ActiveCfg = Debug|x64
		{E4A65CF7-7731-4F66-886B-FD105839FF5A}.Debug|x64.Build.0 = Debug|x64
		{E4A65CF7-7731-4F66-886B-FD105839FF5A}.Debug|x86.ActiveCfg = Debug|Win32
		{E4A65CF7-7731-4F66-886B-FD105839FF5A}.Debug|x86.Build.0 = Debug|Win32
		{E4A65CF7-7731-4F66-886B-FD105839FF5A}.Release|x64.ActiveCfg = Release|x64
		{E4A65CF7-7731-4F66-886B-FD105839FF5A}.Release|x64.Build.0 = Release|x64
		{E4A65CF7-7731-4F66-886B-FD105839FF5A}.Release|x86.ActiveCfg = Release|Win32
		{E4A65CF7-7731-4F66-886B-FD105839FF5A}.Release|x86.Build.0 = Release|Win32
	EndGlobalSection
	GlobalSection(SolutionProperties) = preSolution
		HideSolutionNode = FALSE
	EndGlobalSection
	GlobalSection(ExtensibilityGlobals) = postSolution
		SolutionGuid = {9D2D6045-A7E4-4125-9602-B3D27FC15DF5}
	EndGlobalSection
EndGlobal
